// !$*UTF8*$!
{
	archiveVersion = 1;
	classes = {
	};
	objectVersion = 56;
	objects = {

/* Begin PBXBuildFile section */
		96DE6C722C4824BC003BBCA3 /* ToDoneApp.swift in Sources */ = {isa = PBXBuildFile; fileRef = 96DE6C712C4824BC003BBCA3 /* ToDoneApp.swift */; };
		96DE6C742C4824BC003BBCA3 /* ToDoneList.swift in Sources */ = {isa = PBXBuildFile; fileRef = 96DE6C732C4824BC003BBCA3 /* ToDoneList.swift */; };
		96DE6C762C4824BD003BBCA3 /* Assets.xcassets in Resources */ = {isa = PBXBuildFile; fileRef = 96DE6C752C4824BD003BBCA3 /* Assets.xcassets */; };
		96DE6C792C4824BD003BBCA3 /* Preview Assets.xcassets in Resources */ = {isa = PBXBuildFile; fileRef = 96DE6C782C4824BD003BBCA3 /* Preview Assets.xcassets */; };
		96DE6C832C4824BD003BBCA3 /* ToDoneTests.swift in Sources */ = {isa = PBXBuildFile; fileRef = 96DE6C822C4824BD003BBCA3 /* ToDoneTests.swift */; };
		96DE6C8D2C4824BD003BBCA3 /* ToDoneUITests.swift in Sources */ = {isa = PBXBuildFile; fileRef = 96DE6C8C2C4824BD003BBCA3 /* ToDoneUITests.swift */; };
		96DE6C8F2C4824BD003BBCA3 /* ToDoneUITestsLaunchTests.swift in Sources */ = {isa = PBXBuildFile; fileRef = 96DE6C8E2C4824BD003BBCA3 /* ToDoneUITestsLaunchTests.swift */; };
		96DE6C9D2C482501003BBCA3 /* ToDone.swift in Sources */ = {isa = PBXBuildFile; fileRef = 96DE6C9C2C482501003BBCA3 /* ToDone.swift */; };
		96DE6CA02C482A18003BBCA3 /* SwiftUINavigation in Frameworks */ = {isa = PBXBuildFile; productRef = 96DE6C9F2C482A18003BBCA3 /* SwiftUINavigation */; };
/* End PBXBuildFile section */

/* Begin PBXContainerItemProxy section */
		96DE6C7F2C4824BD003BBCA3 /* PBXContainerItemProxy */ = {
			isa = PBXContainerItemProxy;
			containerPortal = 96DE6C662C4824BC003BBCA3 /* Project object */;
			proxyType = 1;
			remoteGlobalIDString = 96DE6C6D2C4824BC003BBCA3;
			remoteInfo = ToDone;
		};
		96DE6C892C4824BD003BBCA3 /* PBXContainerItemProxy */ = {
			isa = PBXContainerItemProxy;
			containerPortal = 96DE6C662C4824BC003BBCA3 /* Project object */;
			proxyType = 1;
			remoteGlobalIDString = 96DE6C6D2C4824BC003BBCA3;
			remoteInfo = ToDone;
		};
/* End PBXContainerItemProxy section */

/* Begin PBXFileReference section */
		96DE6C6E2C4824BC003BBCA3 /* ToDone.app */ = {isa = PBXFileReference; explicitFileType = wrapper.application; includeInIndex = 0; path = ToDone.app; sourceTree = BUILT_PRODUCTS_DIR; };
		96DE6C712C4824BC003BBCA3 /* ToDoneApp.swift */ = {isa = PBXFileReference; lastKnownFileType = sourcecode.swift; path = ToDoneApp.swift; sourceTree = "<group>"; };
		96DE6C732C4824BC003BBCA3 /* ToDoneList.swift */ = {isa = PBXFileReference; lastKnownFileType = sourcecode.swift; path = ToDoneList.swift; sourceTree = "<group>"; };
		96DE6C752C4824BD003BBCA3 /* Assets.xcassets */ = {isa = PBXFileReference; lastKnownFileType = folder.assetcatalog; path = Assets.xcassets; sourceTree = "<group>"; };
		96DE6C782C4824BD003BBCA3 /* Preview Assets.xcassets */ = {isa = PBXFileReference; lastKnownFileType = folder.assetcatalog; path = "Preview Assets.xcassets"; sourceTree = "<group>"; };
		96DE6C7E2C4824BD003BBCA3 /* ToDoneTests.xctest */ = {isa = PBXFileReference; explicitFileType = wrapper.cfbundle; includeInIndex = 0; path = ToDoneTests.xctest; sourceTree = BUILT_PRODUCTS_DIR; };
		96DE6C822C4824BD003BBCA3 /* ToDoneTests.swift */ = {isa = PBXFileReference; lastKnownFileType = sourcecode.swift; path = ToDoneTests.swift; sourceTree = "<group>"; };
		96DE6C882C4824BD003BBCA3 /* ToDoneUITests.xctest */ = {isa = PBXFileReference; explicitFileType = wrapper.cfbundle; includeInIndex = 0; path = ToDoneUITests.xctest; sourceTree = BUILT_PRODUCTS_DIR; };
		96DE6C8C2C4824BD003BBCA3 /* ToDoneUITests.swift */ = {isa = PBXFileReference; lastKnownFileType = sourcecode.swift; path = ToDoneUITests.swift; sourceTree = "<group>"; };
		96DE6C8E2C4824BD003BBCA3 /* ToDoneUITestsLaunchTests.swift */ = {isa = PBXFileReference; lastKnownFileType = sourcecode.swift; path = ToDoneUITestsLaunchTests.swift; sourceTree = "<group>"; };
		96DE6C9C2C482501003BBCA3 /* ToDone.swift */ = {isa = PBXFileReference; lastKnownFileType = sourcecode.swift; path = ToDone.swift; sourceTree = "<group>"; };
/* End PBXFileReference section */

/* Begin PBXFrameworksBuildPhase section */
		96DE6C6B2C4824BC003BBCA3 /* Frameworks */ = {
			isa = PBXFrameworksBuildPhase;
			buildActionMask = 2147483647;
			files = (
				96DE6CA02C482A18003BBCA3 /* SwiftUINavigation in Frameworks */,
			);
			runOnlyForDeploymentPostprocessing = 0;
		};
		96DE6C7B2C4824BD003BBCA3 /* Frameworks */ = {
			isa = PBXFrameworksBuildPhase;
			buildActionMask = 2147483647;
			files = (
			);
			runOnlyForDeploymentPostprocessing = 0;
		};
		96DE6C852C4824BD003BBCA3 /* Frameworks */ = {
			isa = PBXFrameworksBuildPhase;
			buildActionMask = 2147483647;
			files = (
			);
			runOnlyForDeploymentPostprocessing = 0;
		};
/* End PBXFrameworksBuildPhase section */

/* Begin PBXGroup section */
		96DE6C652C4824BC003BBCA3 = {
			isa = PBXGroup;
			children = (
				96DE6C702C4824BC003BBCA3 /* ToDone */,
				96DE6C812C4824BD003BBCA3 /* ToDoneTests */,
				96DE6C8B2C4824BD003BBCA3 /* ToDoneUITests */,
				96DE6C6F2C4824BC003BBCA3 /* Products */,
			);
			sourceTree = "<group>";
		};
		96DE6C6F2C4824BC003BBCA3 /* Products */ = {
			isa = PBXGroup;
			children = (
				96DE6C6E2C4824BC003BBCA3 /* ToDone.app */,
				96DE6C7E2C4824BD003BBCA3 /* ToDoneTests.xctest */,
				96DE6C882C4824BD003BBCA3 /* ToDoneUITests.xctest */,
			);
			name = Products;
			sourceTree = "<group>";
		};
		96DE6C702C4824BC003BBCA3 /* ToDone */ = {
			isa = PBXGroup;
			children = (
				96DE6C9B2C4824E7003BBCA3 /* Model */,
				96DE6C712C4824BC003BBCA3 /* ToDoneApp.swift */,
				96DE6C732C4824BC003BBCA3 /* ToDoneList.swift */,
				96DE6C752C4824BD003BBCA3 /* Assets.xcassets */,
				96DE6C772C4824BD003BBCA3 /* Preview Content */,
			);
			path = ToDone;
			sourceTree = "<group>";
		};
		96DE6C772C4824BD003BBCA3 /* Preview Content */ = {
			isa = PBXGroup;
			children = (
				96DE6C782C4824BD003BBCA3 /* Preview Assets.xcassets */,
			);
			path = "Preview Content";
			sourceTree = "<group>";
		};
		96DE6C812C4824BD003BBCA3 /* ToDoneTests */ = {
			isa = PBXGroup;
			children = (
				96DE6C822C4824BD003BBCA3 /* ToDoneTests.swift */,
			);
			path = ToDoneTests;
			sourceTree = "<group>";
		};
		96DE6C8B2C4824BD003BBCA3 /* ToDoneUITests */ = {
			isa = PBXGroup;
			children = (
				96DE6C8C2C4824BD003BBCA3 /* ToDoneUITests.swift */,
				96DE6C8E2C4824BD003BBCA3 /* ToDoneUITestsLaunchTests.swift */,
			);
			path = ToDoneUITests;
			sourceTree = "<group>";
		};
		96DE6C9B2C4824E7003BBCA3 /* Model */ = {
			isa = PBXGroup;
			children = (
				96DE6C9C2C482501003BBCA3 /* ToDone.swift */,
			);
			path = Model;
			sourceTree = "<group>";
		};
/* End PBXGroup section */

/* Begin PBXNativeTarget section */
		96DE6C6D2C4824BC003BBCA3 /* ToDone */ = {
			isa = PBXNativeTarget;
			buildConfigurationList = 96DE6C922C4824BD003BBCA3 /* Build configuration list for PBXNativeTarget "ToDone" */;
			buildPhases = (
				96DE6C6A2C4824BC003BBCA3 /* Sources */,
				96DE6C6B2C4824BC003BBCA3 /* Frameworks */,
				96DE6C6C2C4824BC003BBCA3 /* Resources */,
			);
			buildRules = (
			);
			dependencies = (
			);
			name = ToDone;
			packageProductDependencies = (
				96DE6C9F2C482A18003BBCA3 /* SwiftUINavigation */,
			);
			productName = ToDone;
			productReference = 96DE6C6E2C4824BC003BBCA3 /* ToDone.app */;
			productType = "com.apple.product-type.application";
		};
		96DE6C7D2C4824BD003BBCA3 /* ToDoneTests */ = {
			isa = PBXNativeTarget;
			buildConfigurationList = 96DE6C952C4824BD003BBCA3 /* Build configuration list for PBXNativeTarget "ToDoneTests" */;
			buildPhases = (
				96DE6C7A2C4824BD003BBCA3 /* Sources */,
				96DE6C7B2C4824BD003BBCA3 /* Frameworks */,
				96DE6C7C2C4824BD003BBCA3 /* Resources */,
			);
			buildRules = (
			);
			dependencies = (
				96DE6C802C4824BD003BBCA3 /* PBXTargetDependency */,
			);
			name = ToDoneTests;
			productName = ToDoneTests;
			productReference = 96DE6C7E2C4824BD003BBCA3 /* ToDoneTests.xctest */;
			productType = "com.apple.product-type.bundle.unit-test";
		};
		96DE6C872C4824BD003BBCA3 /* ToDoneUITests */ = {
			isa = PBXNativeTarget;
			buildConfigurationList = 96DE6C982C4824BD003BBCA3 /* Build configuration list for PBXNativeTarget "ToDoneUITests" */;
			buildPhases = (
				96DE6C842C4824BD003BBCA3 /* Sources */,
				96DE6C852C4824BD003BBCA3 /* Frameworks */,
				96DE6C862C4824BD003BBCA3 /* Resources */,
			);
			buildRules = (
			);
			dependencies = (
				96DE6C8A2C4824BD003BBCA3 /* PBXTargetDependency */,
			);
			name = ToDoneUITests;
			productName = ToDoneUITests;
			productReference = 96DE6C882C4824BD003BBCA3 /* ToDoneUITests.xctest */;
			productType = "com.apple.product-type.bundle.ui-testing";
		};
/* End PBXNativeTarget section */

/* Begin PBXProject section */
		96DE6C662C4824BC003BBCA3 /* Project object */ = {
			isa = PBXProject;
			attributes = {
				BuildIndependentTargetsInParallel = 1;
				LastSwiftUpdateCheck = 1540;
				LastUpgradeCheck = 1540;
				TargetAttributes = {
					96DE6C6D2C4824BC003BBCA3 = {
						CreatedOnToolsVersion = 15.4;
					};
					96DE6C7D2C4824BD003BBCA3 = {
						CreatedOnToolsVersion = 15.4;
						TestTargetID = 96DE6C6D2C4824BC003BBCA3;
					};
					96DE6C872C4824BD003BBCA3 = {
						CreatedOnToolsVersion = 15.4;
						TestTargetID = 96DE6C6D2C4824BC003BBCA3;
					};
				};
			};
			buildConfigurationList = 96DE6C692C4824BC003BBCA3 /* Build configuration list for PBXProject "ToDone" */;
			compatibilityVersion = "Xcode 14.0";
			developmentRegion = en;
			hasScannedForEncodings = 0;
			knownRegions = (
				en,
				Base,
			);
			mainGroup = 96DE6C652C4824BC003BBCA3;
			packageReferences = (
				96DE6C9E2C482A18003BBCA3 /* XCRemoteSwiftPackageReference "swiftui-navigation" */,
			);
			productRefGroup = 96DE6C6F2C4824BC003BBCA3 /* Products */;
			projectDirPath = "";
			projectRoot = "";
			targets = (
				96DE6C6D2C4824BC003BBCA3 /* ToDone */,
				96DE6C7D2C4824BD003BBCA3 /* ToDoneTests */,
				96DE6C872C4824BD003BBCA3 /* ToDoneUITests */,
			);
		};
/* End PBXProject section */

/* Begin PBXResourcesBuildPhase section */
		96DE6C6C2C4824BC003BBCA3 /* Resources */ = {
			isa = PBXResourcesBuildPhase;
			buildActionMask = 2147483647;
			files = (
				96DE6C792C4824BD003BBCA3 /* Preview Assets.xcassets in Resources */,
				96DE6C762C4824BD003BBCA3 /* Assets.xcassets in Resources */,
			);
			runOnlyForDeploymentPostprocessing = 0;
		};
		96DE6C7C2C4824BD003BBCA3 /* Resources */ = {
			isa = PBXResourcesBuildPhase;
			buildActionMask = 2147483647;
			files = (
			);
			runOnlyForDeploymentPostprocessing = 0;
		};
		96DE6C862C4824BD003BBCA3 /* Resources */ = {
			isa = PBXResourcesBuildPhase;
			buildActionMask = 2147483647;
			files = (
			);
			runOnlyForDeploymentPostprocessing = 0;
		};
/* End PBXResourcesBuildPhase section */

/* Begin PBXSourcesBuildPhase section */
		96DE6C6A2C4824BC003BBCA3 /* Sources */ = {
			isa = PBXSourcesBuildPhase;
			buildActionMask = 2147483647;
			files = (
				96DE6C742C4824BC003BBCA3 /* ToDoneList.swift in Sources */,
				96DE6C722C4824BC003BBCA3 /* ToDoneApp.swift in Sources */,
				96DE6C9D2C482501003BBCA3 /* ToDone.swift in Sources */,
			);
			runOnlyForDeploymentPostprocessing = 0;
		};
		96DE6C7A2C4824BD003BBCA3 /* Sources */ = {
			isa = PBXSourcesBuildPhase;
			buildActionMask = 2147483647;
			files = (
				96DE6C832C4824BD003BBCA3 /* ToDoneTests.swift in Sources */,
			);
			runOnlyForDeploymentPostprocessing = 0;
		};
		96DE6C842C4824BD003BBCA3 /* Sources */ = {
			isa = PBXSourcesBuildPhase;
			buildActionMask = 2147483647;
			files = (
				96DE6C8D2C4824BD003BBCA3 /* ToDoneUITests.swift in Sources */,
				96DE6C8F2C4824BD003BBCA3 /* ToDoneUITestsLaunchTests.swift in Sources */,
			);
			runOnlyForDeploymentPostprocessing = 0;
		};
/* End PBXSourcesBuildPhase section */

/* Begin PBXTargetDependency section */
		96DE6C802C4824BD003BBCA3 /* PBXTargetDependency */ = {
			isa = PBXTargetDependency;
			target = 96DE6C6D2C4824BC003BBCA3 /* ToDone */;
			targetProxy = 96DE6C7F2C4824BD003BBCA3 /* PBXContainerItemProxy */;
		};
		96DE6C8A2C4824BD003BBCA3 /* PBXTargetDependency */ = {
			isa = PBXTargetDependency;
			target = 96DE6C6D2C4824BC003BBCA3 /* ToDone */;
			targetProxy = 96DE6C892C4824BD003BBCA3 /* PBXContainerItemProxy */;
		};
/* End PBXTargetDependency section */

/* Begin XCBuildConfiguration section */
		96DE6C902C4824BD003BBCA3 /* Debug */ = {
			isa = XCBuildConfiguration;
			buildSettings = {
				ALWAYS_SEARCH_USER_PATHS = NO;
				ASSETCATALOG_COMPILER_GENERATE_SWIFT_ASSET_SYMBOL_EXTENSIONS = YES;
				CLANG_ANALYZER_NONNULL = YES;
				CLANG_ANALYZER_NUMBER_OBJECT_CONVERSION = YES_AGGRESSIVE;
				CLANG_CXX_LANGUAGE_STANDARD = "gnu++20";
				CLANG_ENABLE_MODULES = YES;
				CLANG_ENABLE_OBJC_ARC = YES;
				CLANG_ENABLE_OBJC_WEAK = YES;
				CLANG_WARN_BLOCK_CAPTURE_AUTORELEASING = YES;
				CLANG_WARN_BOOL_CONVERSION = YES;
				CLANG_WARN_COMMA = YES;
				CLANG_WARN_CONSTANT_CONVERSION = YES;
				CLANG_WARN_DEPRECATED_OBJC_IMPLEMENTATIONS = YES;
				CLANG_WARN_DIRECT_OBJC_ISA_USAGE = YES_ERROR;
				CLANG_WARN_DOCUMENTATION_COMMENTS = YES;
				CLANG_WARN_EMPTY_BODY = YES;
				CLANG_WARN_ENUM_CONVERSION = YES;
				CLANG_WARN_INFINITE_RECURSION = YES;
				CLANG_WARN_INT_CONVERSION = YES;
				CLANG_WARN_NON_LITERAL_NULL_CONVERSION = YES;
				CLANG_WARN_OBJC_IMPLICIT_RETAIN_SELF = YES;
				CLANG_WARN_OBJC_LITERAL_CONVERSION = YES;
				CLANG_WARN_OBJC_ROOT_CLASS = YES_ERROR;
				CLANG_WARN_QUOTED_INCLUDE_IN_FRAMEWORK_HEADER = YES;
				CLANG_WARN_RANGE_LOOP_ANALYSIS = YES;
				CLANG_WARN_STRICT_PROTOTYPES = YES;
				CLANG_WARN_SUSPICIOUS_MOVE = YES;
				CLANG_WARN_UNGUARDED_AVAILABILITY = YES_AGGRESSIVE;
				CLANG_WARN_UNREACHABLE_CODE = YES;
				CLANG_WARN__DUPLICATE_METHOD_MATCH = YES;
				COPY_PHASE_STRIP = NO;
				DEBUG_INFORMATION_FORMAT = dwarf;
				ENABLE_STRICT_OBJC_MSGSEND = YES;
				ENABLE_TESTABILITY = YES;
				ENABLE_USER_SCRIPT_SANDBOXING = YES;
				GCC_C_LANGUAGE_STANDARD = gnu17;
				GCC_DYNAMIC_NO_PIC = NO;
				GCC_NO_COMMON_BLOCKS = YES;
				GCC_OPTIMIZATION_LEVEL = 0;
				GCC_PREPROCESSOR_DEFINITIONS = (
					"DEBUG=1",
					"$(inherited)",
				);
				GCC_WARN_64_TO_32_BIT_CONVERSION = YES;
				GCC_WARN_ABOUT_RETURN_TYPE = YES_ERROR;
				GCC_WARN_UNDECLARED_SELECTOR = YES;
				GCC_WARN_UNINITIALIZED_AUTOS = YES_AGGRESSIVE;
				GCC_WARN_UNUSED_FUNCTION = YES;
				GCC_WARN_UNUSED_VARIABLE = YES;
				IPHONEOS_DEPLOYMENT_TARGET = 17.5;
				LOCALIZATION_PREFERS_STRING_CATALOGS = YES;
				MTL_ENABLE_DEBUG_INFO = INCLUDE_SOURCE;
				MTL_FAST_MATH = YES;
				ONLY_ACTIVE_ARCH = YES;
				SDKROOT = iphoneos;
				SWIFT_ACTIVE_COMPILATION_CONDITIONS = "DEBUG $(inherited)";
				SWIFT_OPTIMIZATION_LEVEL = "-Onone";
			};
			name = Debug;
		};
		96DE6C912C4824BD003BBCA3 /* Release */ = {
			isa = XCBuildConfiguration;
			buildSettings = {
				ALWAYS_SEARCH_USER_PATHS = NO;
				ASSETCATALOG_COMPILER_GENERATE_SWIFT_ASSET_SYMBOL_EXTENSIONS = YES;
				CLANG_ANALYZER_NONNULL = YES;
				CLANG_ANALYZER_NUMBER_OBJECT_CONVERSION = YES_AGGRESSIVE;
				CLANG_CXX_LANGUAGE_STANDARD = "gnu++20";
				CLANG_ENABLE_MODULES = YES;
				CLANG_ENABLE_OBJC_ARC = YES;
				CLANG_ENABLE_OBJC_WEAK = YES;
				CLANG_WARN_BLOCK_CAPTURE_AUTORELEASING = YES;
				CLANG_WARN_BOOL_CONVERSION = YES;
				CLANG_WARN_COMMA = YES;
				CLANG_WARN_CONSTANT_CONVERSION = YES;
				CLANG_WARN_DEPRECATED_OBJC_IMPLEMENTATIONS = YES;
				CLANG_WARN_DIRECT_OBJC_ISA_USAGE = YES_ERROR;
				CLANG_WARN_DOCUMENTATION_COMMENTS = YES;
				CLANG_WARN_EMPTY_BODY = YES;
				CLANG_WARN_ENUM_CONVERSION = YES;
				CLANG_WARN_INFINITE_RECURSION = YES;
				CLANG_WARN_INT_CONVERSION = YES;
				CLANG_WARN_NON_LITERAL_NULL_CONVERSION = YES;
				CLANG_WARN_OBJC_IMPLICIT_RETAIN_SELF = YES;
				CLANG_WARN_OBJC_LITERAL_CONVERSION = YES;
				CLANG_WARN_OBJC_ROOT_CLASS = YES_ERROR;
				CLANG_WARN_QUOTED_INCLUDE_IN_FRAMEWORK_HEADER = YES;
				CLANG_WARN_RANGE_LOOP_ANALYSIS = YES;
				CLANG_WARN_STRICT_PROTOTYPES = YES;
				CLANG_WARN_SUSPICIOUS_MOVE = YES;
				CLANG_WARN_UNGUARDED_AVAILABILITY = YES_AGGRESSIVE;
				CLANG_WARN_UNREACHABLE_CODE = YES;
				CLANG_WARN__DUPLICATE_METHOD_MATCH = YES;
				COPY_PHASE_STRIP = NO;
				DEBUG_INFORMATION_FORMAT = "dwarf-with-dsym";
				ENABLE_NS_ASSERTIONS = NO;
				ENABLE_STRICT_OBJC_MSGSEND = YES;
				ENABLE_USER_SCRIPT_SANDBOXING = YES;
				GCC_C_LANGUAGE_STANDARD = gnu17;
				GCC_NO_COMMON_BLOCKS = YES;
				GCC_WARN_64_TO_32_BIT_CONVERSION = YES;
				GCC_WARN_ABOUT_RETURN_TYPE = YES_ERROR;
				GCC_WARN_UNDECLARED_SELECTOR = YES;
				GCC_WARN_UNINITIALIZED_AUTOS = YES_AGGRESSIVE;
				GCC_WARN_UNUSED_FUNCTION = YES;
				GCC_WARN_UNUSED_VARIABLE = YES;
				IPHONEOS_DEPLOYMENT_TARGET = 17.5;
				LOCALIZATION_PREFERS_STRING_CATALOGS = YES;
				MTL_ENABLE_DEBUG_INFO = NO;
				MTL_FAST_MATH = YES;
				SDKROOT = iphoneos;
				SWIFT_COMPILATION_MODE = wholemodule;
				VALIDATE_PRODUCT = YES;
			};
			name = Release;
		};
		96DE6C932C4824BD003BBCA3 /* Debug */ = {
			isa = XCBuildConfiguration;
			buildSettings = {
				ASSETCATALOG_COMPILER_APPICON_NAME = AppIcon;
				ASSETCATALOG_COMPILER_GLOBAL_ACCENT_COLOR_NAME = AccentColor;
				CODE_SIGN_STYLE = Automatic;
				CURRENT_PROJECT_VERSION = 1;
				DEVELOPMENT_ASSET_PATHS = "\"ToDone/Preview Content\"";
				ENABLE_PREVIEWS = YES;
				GENERATE_INFOPLIST_FILE = YES;
				INFOPLIST_KEY_UIApplicationSceneManifest_Generation = YES;
				INFOPLIST_KEY_UIApplicationSupportsIndirectInputEvents = YES;
				INFOPLIST_KEY_UILaunchScreen_Generation = YES;
				INFOPLIST_KEY_UISupportedInterfaceOrientations_iPad = "UIInterfaceOrientationPortrait UIInterfaceOrientationPortraitUpsideDown UIInterfaceOrientationLandscapeLeft UIInterfaceOrientationLandscapeRight";
				INFOPLIST_KEY_UISupportedInterfaceOrientations_iPhone = "UIInterfaceOrientationPortrait UIInterfaceOrientationLandscapeLeft UIInterfaceOrientationLandscapeRight";
				LD_RUNPATH_SEARCH_PATHS = (
					"$(inherited)",
					"@executable_path/Frameworks",
				);
				MARKETING_VERSION = 1.0;
				PRODUCT_BUNDLE_IDENTIFIER = com.example.ToDone;
				PRODUCT_NAME = "$(TARGET_NAME)";
				SWIFT_EMIT_LOC_STRINGS = YES;
				SWIFT_VERSION = 5.0;
				TARGETED_DEVICE_FAMILY = "1,2";
			};
			name = Debug;
		};
		96DE6C942C4824BD003BBCA3 /* Release */ = {
			isa = XCBuildConfiguration;
			buildSettings = {
				ASSETCATALOG_COMPILER_APPICON_NAME = AppIcon;
				ASSETCATALOG_COMPILER_GLOBAL_ACCENT_COLOR_NAME = AccentColor;
				CODE_SIGN_STYLE = Automatic;
				CURRENT_PROJECT_VERSION = 1;
				DEVELOPMENT_ASSET_PATHS = "\"ToDone/Preview Content\"";
				ENABLE_PREVIEWS = YES;
				GENERATE_INFOPLIST_FILE = YES;
				INFOPLIST_KEY_UIApplicationSceneManifest_Generation = YES;
				INFOPLIST_KEY_UIApplicationSupportsIndirectInputEvents = YES;
				INFOPLIST_KEY_UILaunchScreen_Generation = YES;
				INFOPLIST_KEY_UISupportedInterfaceOrientations_iPad = "UIInterfaceOrientationPortrait UIInterfaceOrientationPortraitUpsideDown UIInterfaceOrientationLandscapeLeft UIInterfaceOrientationLandscapeRight";
				INFOPLIST_KEY_UISupportedInterfaceOrientations_iPhone = "UIInterfaceOrientationPortrait UIInterfaceOrientationLandscapeLeft UIInterfaceOrientationLandscapeRight";
				LD_RUNPATH_SEARCH_PATHS = (
					"$(inherited)",
					"@executable_path/Frameworks",
				);
				MARKETING_VERSION = 1.0;
				PRODUCT_BUNDLE_IDENTIFIER = com.example.ToDone;
				PRODUCT_NAME = "$(TARGET_NAME)";
				SWIFT_EMIT_LOC_STRINGS = YES;
				SWIFT_VERSION = 5.0;
				TARGETED_DEVICE_FAMILY = "1,2";
			};
			name = Release;
		};
		96DE6C962C4824BD003BBCA3 /* Debug */ = {
			isa = XCBuildConfiguration;
			buildSettings = {
				ALWAYS_EMBED_SWIFT_STANDARD_LIBRARIES = YES;
				BUNDLE_LOADER = "$(TEST_HOST)";
				CODE_SIGN_STYLE = Automatic;
				CURRENT_PROJECT_VERSION = 1;
				GENERATE_INFOPLIST_FILE = YES;
				IPHONEOS_DEPLOYMENT_TARGET = 17.5;
				MARKETING_VERSION = 1.0;
				PRODUCT_BUNDLE_IDENTIFIER = com.example.ToDoneTests;
				PRODUCT_NAME = "$(TARGET_NAME)";
				SWIFT_EMIT_LOC_STRINGS = NO;
				SWIFT_VERSION = 5.0;
				TARGETED_DEVICE_FAMILY = "1,2";
				TEST_HOST = "$(BUILT_PRODUCTS_DIR)/ToDone.app/$(BUNDLE_EXECUTABLE_FOLDER_PATH)/ToDone";
			};
			name = Debug;
		};
		96DE6C972C4824BD003BBCA3 /* Release */ = {
			isa = XCBuildConfiguration;
			buildSettings = {
				ALWAYS_EMBED_SWIFT_STANDARD_LIBRARIES = YES;
				BUNDLE_LOADER = "$(TEST_HOST)";
				CODE_SIGN_STYLE = Automatic;
				CURRENT_PROJECT_VERSION = 1;
				GENERATE_INFOPLIST_FILE = YES;
				IPHONEOS_DEPLOYMENT_TARGET = 17.5;
				MARKETING_VERSION = 1.0;
				PRODUCT_BUNDLE_IDENTIFIER = com.example.ToDoneTests;
				PRODUCT_NAME = "$(TARGET_NAME)";
				SWIFT_EMIT_LOC_STRINGS = NO;
				SWIFT_VERSION = 5.0;
				TARGETED_DEVICE_FAMILY = "1,2";
				TEST_HOST = "$(BUILT_PRODUCTS_DIR)/ToDone.app/$(BUNDLE_EXECUTABLE_FOLDER_PATH)/ToDone";
			};
			name = Release;
		};
		96DE6C992C4824BD003BBCA3 /* Debug */ = {
			isa = XCBuildConfiguration;
			buildSettings = {
				ALWAYS_EMBED_SWIFT_STANDARD_LIBRARIES = YES;
				CODE_SIGN_STYLE = Automatic;
				CURRENT_PROJECT_VERSION = 1;
				GENERATE_INFOPLIST_FILE = YES;
				MARKETING_VERSION = 1.0;
				PRODUCT_BUNDLE_IDENTIFIER = com.example.ToDoneUITests;
				PRODUCT_NAME = "$(TARGET_NAME)";
				SWIFT_EMIT_LOC_STRINGS = NO;
				SWIFT_VERSION = 5.0;
				TARGETED_DEVICE_FAMILY = "1,2";
				TEST_TARGET_NAME = ToDone;
			};
			name = Debug;
		};
		96DE6C9A2C4824BD003BBCA3 /* Release */ = {
			isa = XCBuildConfiguration;
			buildSettings = {
				ALWAYS_EMBED_SWIFT_STANDARD_LIBRARIES = YES;
				CODE_SIGN_STYLE = Automatic;
				CURRENT_PROJECT_VERSION = 1;
				GENERATE_INFOPLIST_FILE = YES;
				MARKETING_VERSION = 1.0;
				PRODUCT_BUNDLE_IDENTIFIER = com.example.ToDoneUITests;
				PRODUCT_NAME = "$(TARGET_NAME)";
				SWIFT_EMIT_LOC_STRINGS = NO;
				SWIFT_VERSION = 5.0;
				TARGETED_DEVICE_FAMILY = "1,2";
				TEST_TARGET_NAME = ToDone;
			};
			name = Release;
		};
/* End XCBuildConfiguration section */

/* Begin XCConfigurationList section */
		96DE6C692C4824BC003BBCA3 /* Build configuration list for PBXProject "ToDone" */ = {
			isa = XCConfigurationList;
			buildConfigurations = (
				96DE6C902C4824BD003BBCA3 /* Debug */,
				96DE6C912C4824BD003BBCA3 /* Release */,
			);
			defaultConfigurationIsVisible = 0;
			defaultConfigurationName = Release;
		};
		96DE6C922C4824BD003BBCA3 /* Build configuration list for PBXNativeTarget "ToDone" */ = {
			isa = XCConfigurationList;
			buildConfigurations = (
				96DE6C932C4824BD003BBCA3 /* Debug */,
				96DE6C942C4824BD003BBCA3 /* Release */,
			);
			defaultConfigurationIsVisible = 0;
			defaultConfigurationName = Release;
		};
		96DE6C952C4824BD003BBCA3 /* Build configuration list for PBXNativeTarget "ToDoneTests" */ = {
			isa = XCConfigurationList;
			buildConfigurations = (
				96DE6C962C4824BD003BBCA3 /* Debug */,
				96DE6C972C4824BD003BBCA3 /* Release */,
			);
			defaultConfigurationIsVisible = 0;
			defaultConfigurationName = Release;
		};
		96DE6C982C4824BD003BBCA3 /* Build configuration list for PBXNativeTarget "ToDoneUITests" */ = {
			isa = XCConfigurationList;
			buildConfigurations = (
				96DE6C992C4824BD003BBCA3 /* Debug */,
				96DE6C9A2C4824BD003BBCA3 /* Release */,
			);
			defaultConfigurationIsVisible = 0;
			defaultConfigurationName = Release;
		};
/* End XCConfigurationList section */

/* Begin XCRemoteSwiftPackageReference section */
		96DE6C9E2C482A18003BBCA3 /* XCRemoteSwiftPackageReference "swiftui-navigation" */ = {
			isa = XCRemoteSwiftPackageReference;
			repositoryURL = "https://github.com/pointfreeco/swiftui-navigation";
			requirement = {
				kind = upToNextMajorVersion;
				minimumVersion = 1.5.0;
			};
		};
/* End XCRemoteSwiftPackageReference section */

/* Begin XCSwiftPackageProductDependency section */
		96DE6C9F2C482A18003BBCA3 /* SwiftUINavigation */ = {
			isa = XCSwiftPackageProductDependency;
			package = 96DE6C9E2C482A18003BBCA3 /* XCRemoteSwiftPackageReference "swiftui-navigation" */;
			productName = SwiftUINavigation;
		};
/* End XCSwiftPackageProductDependency section */
	};
	rootObject = 96DE6C662C4824BC003BBCA3 /* Project object */;
}
